
Microsoft Visual Studio Solution File, Format Version 12.00
# Visual Studio 14
VisualStudioVersion = 14.0.24720.0
MinimumVisualStudioVersion = 10.0.40219.1
Project("{FAE04EC0-301F-11D3-BF4B-00C04F79EFBC}") = "Server", "Server\Server.csproj", "{54BACB30-94F8-4CF1-9E80-12AF0BF7CBD5}"
EndProject
Project("{FAE04EC0-301F-11D3-BF4B-00C04F79EFBC}") = "Test", "Test\Test.csproj", "{3CDBC198-A8B9-4FB0-A2B3-5471A21CEABA}"
EndProject
Project("{FAE04EC0-301F-11D3-BF4B-00C04F79EFBC}") = "Shared", "Shared\Shared.csproj", "{E2131205-21AD-48B5-B555-3D37AB90ECEC}"
EndProject
Project("{FAE04EC0-301F-11D3-BF4B-00C04F79EFBC}") = "Client", "Client\Client.csproj", "{909D806F-F243-4552-963B-2E8B8524C0F6}"
EndProject
Project("{2150E333-8FDC-42A3-9474-1A3956D46DE8}") = "Solution Items", "Solution Items", "{97E229EA-FD34-42DD-8C13-93042628ADA6}"
	ProjectSection(SolutionItems) = preProject
		Doc\AlexWebserver Dokumentation.docx = Doc\AlexWebserver Dokumentation.docx
		Doc\Zeichnung1.vsdx = Doc\Zeichnung1.vsdx
	EndProjectSection
EndProject
Global
	GlobalSection(SolutionConfigurationPlatforms) = preSolution
		Debug|Any CPU = Debug|Any CPU
		Release|Any CPU = Release|Any CPU
	EndGlobalSection
	GlobalSection(ProjectConfigurationPlatforms) = postSolution
		{54BACB30-94F8-4CF1-9E80-12AF0BF7CBD5}.Debug|Any CPU.ActiveCfg = Debug|Any CPU
		{54BACB30-94F8-4CF1-9E80-12AF0BF7CBD5}.Debug|Any CPU.Build.0 = Debug|Any CPU
		{54BACB30-94F8-4CF1-9E80-12AF0BF7CBD5}.Release|Any CPU.ActiveCfg = Release|Any CPU
		{54BACB30-94F8-4CF1-9E80-12AF0BF7CBD5}.Release|Any CPU.Build.0 = Release|Any CPU
		{3CDBC198-A8B9-4FB0-A2B3-5471A21CEABA}.Debug|Any CPU.ActiveCfg = Debug|Any CPU
		{3CDBC198-A8B9-4FB0-A2B3-5471A21CEABA}.Debug|Any CPU.Build.0 = Debug|Any CPU
		{3CDBC198-A8B9-4FB0-A2B3-5471A21CEABA}.Release|Any CPU.ActiveCfg = Release|Any CPU
		{3CDBC198-A8B9-4FB0-A2B3-5471A21CEABA}.Release|Any CPU.Build.0 = Release|Any CPU
		{E2131205-21AD-48B5-B555-3D37AB90ECEC}.Debug|Any CPU.ActiveCfg = Debug|Any CPU
		{E2131205-21AD-48B5-B555-3D37AB90ECEC}.Debug|Any CPU.Build.0 = Debug|Any CPU
		{E2131205-21AD-48B5-B555-3D37AB90ECEC}.Release|Any CPU.ActiveCfg = Release|Any CPU
		{E2131205-21AD-48B5-B555-3D37AB90ECEC}.Release|Any CPU.Build.0 = Release|Any CPU
		{909D806F-F243-4552-963B-2E8B8524C0F6}.Debug|Any CPU.ActiveCfg = Debug|Any CPU
		{909D806F-F243-4552-963B-2E8B8524C0F6}.Debug|Any CPU.Build.0 = Debug|Any CPU
		{909D806F-F243-4552-963B-2E8B8524C0F6}.Release|Any CPU.ActiveCfg = Release|Any CPU
		{909D806F-F243-4552-963B-2E8B8524C0F6}.Release|Any CPU.Build.0 = Release|Any CPU
	EndGlobalSection
	GlobalSection(SolutionProperties) = preSolution
		HideSolutionNode = FALSE
	EndGlobalSection
EndGlobal
